[[package]]
name = "py4j"
version = "0.10.9"
description = "Enables Python programs to dynamically access arbitrary Java objects"
category = "main"
optional = false
python-versions = "*"

[[package]]
name = "pyspark"
version = "3.1.2"
description = "Apache Spark Python API"
category = "main"
optional = false
python-versions = ">=3.6"

[package.dependencies]
py4j = "0.10.9"

[package.extras]
ml = ["numpy (>=1.7)"]
mllib = ["numpy (>=1.7)"]
sql = ["pandas (>=0.23.2)", "pyarrow (>=1.0.0)"]

[metadata]
lock-version = "1.1"
python-versions = "^3.10"
content-hash = "5b74c38631ee123dcfd10ef63d78e8e4c54c715c328a62736715a31e624b67e6"

[metadata.files]
py4j = []
pyspark = []
